
Microsoft Visual Studio Solution File, Format Version 12.00
# Visual Studio Version 17
VisualStudioVersion = 17.4.33103.184
MinimumVisualStudioVersion = 10.0.40219.1
Project("{FAE04EC0-301F-11D3-BF4B-00C04F79EFBC}") = "MailingApp", "MailingApp\MailingApp.csproj", "{599CBEA6-1D17-41AE-8D3F-42FE9ED96956}"
EndProject
Global
	GlobalSection(SolutionConfigurationPlatforms) = preSolution
		Debug|Any CPU = Debug|Any CPU
		Release|Any CPU = Release|Any CPU
	EndGlobalSection
	GlobalSection(ProjectConfigurationPlatforms) = postSolution
		{599CBEA6-1D17-41AE-8D3F-42FE9ED96956}.Debug|Any CPU.ActiveCfg = Debug|Any CPU
		{599CBEA6-1D17-41AE-8D3F-42FE9ED96956}.Debug|Any CPU.Build.0 = Debug|Any CPU
		{599CBEA6-1D17-41AE-8D3F-42FE9ED96956}.Release|Any CPU.ActiveCfg = Release|Any CPU
		{599CBEA6-1D17-41AE-8D3F-42FE9ED96956}.Release|Any CPU.Build.0 = Release|Any CPU
	EndGlobalSection
	GlobalSection(SolutionProperties) = preSolution
		HideSolutionNode = FALSE
	EndGlobalSection
	GlobalSection(ExtensibilityGlobals) = postSolution
		SolutionGuid = {290FA655-F20C-40DA-B28C-F2BCBB84C3E3}
	EndGlobalSection
EndGlobal
